
Microsoft Visual Studio Solution File, Format Version 12.00
# Visual Studio Version 17
VisualStudioVersion = 17.1.32210.238
MinimumVisualStudioVersion = 10.0.40219.1
Project("{9A19103F-16F7-4668-BE54-9A1E7A4F7556}") = "PokeOneWeb.WebApi", "PokeOneWeb\PokeOneWeb.WebApi.csproj", "{087452DE-DA09-43C0-829A-D2EDCC04FEAC}"
EndProject
Project("{9A19103F-16F7-4668-BE54-9A1E7A4F7556}") = "PokeOneWeb.Data", "PokeOneWeb.Data\PokeOneWeb.Data.csproj", "{D2A8644A-0969-4958-83BF-D6C61B6D264A}"
EndProject
Project("{9A19103F-16F7-4668-BE54-9A1E7A4F7556}") = "PokeOneWeb.Shared", "PokeOneWeb.Shared\PokeOneWeb.Shared.csproj", "{891EF1A0-B04B-4F14-B86D-067EEDF1D7BC}"
EndProject
Project("{9A19103F-16F7-4668-BE54-9A1E7A4F7556}") = "PokeOneWeb.DataSync", "PokeOneWeb.DataSync\PokeOneWeb.DataSync.csproj", "{0301B6D0-3C2E-4462-BA6D-91DB229654DC}"
EndProject
Project("{9A19103F-16F7-4668-BE54-9A1E7A4F7556}") = "PokeOneWeb.WebApi.Tests", "PokeOneWeb.WebApi.Tests\PokeOneWeb.WebApi.Tests.csproj", "{9A81A2FA-43F5-4E6A-B343-7D089F9B069C}"
EndProject
Project("{9A19103F-16F7-4668-BE54-9A1E7A4F7556}") = "PokeOneWeb.Shared.Tests", "PokeOneWeb.Shared.Tests\PokeOneWeb.Shared.Tests.csproj", "{D169E352-B51B-4992-A2D1-81AA15DD4EAA}"
EndProject
Project("{9A19103F-16F7-4668-BE54-9A1E7A4F7556}") = "PokeOneWeb.DataSync.Tests", "PokeOneWeb.DataSync.Tests\PokeOneWeb.DataSync.Tests.csproj", "{4181934E-5030-4322-B8E3-704306A3073E}"
EndProject
Project("{9A19103F-16F7-4668-BE54-9A1E7A4F7556}") = "PokeOneWeb.Data.Tests", "PokeOneWeb.Data.Tests\PokeOneWeb.Data.Tests.csproj", "{BC039C1E-5079-4FF1-999A-EC8891827E8A}"
EndProject
Global
	GlobalSection(SolutionConfigurationPlatforms) = preSolution
		Debug|Any CPU = Debug|Any CPU
		Release|Any CPU = Release|Any CPU
	EndGlobalSection
	GlobalSection(ProjectConfigurationPlatforms) = postSolution
		{087452DE-DA09-43C0-829A-D2EDCC04FEAC}.Debug|Any CPU.ActiveCfg = Debug|Any CPU
		{087452DE-DA09-43C0-829A-D2EDCC04FEAC}.Debug|Any CPU.Build.0 = Debug|Any CPU
		{087452DE-DA09-43C0-829A-D2EDCC04FEAC}.Release|Any CPU.ActiveCfg = Release|Any CPU
		{087452DE-DA09-43C0-829A-D2EDCC04FEAC}.Release|Any CPU.Build.0 = Release|Any CPU
		{D2A8644A-0969-4958-83BF-D6C61B6D264A}.Debug|Any CPU.ActiveCfg = Debug|Any CPU
		{D2A8644A-0969-4958-83BF-D6C61B6D264A}.Debug|Any CPU.Build.0 = Debug|Any CPU
		{D2A8644A-0969-4958-83BF-D6C61B6D264A}.Release|Any CPU.ActiveCfg = Release|Any CPU
		{D2A8644A-0969-4958-83BF-D6C61B6D264A}.Release|Any CPU.Build.0 = Release|Any CPU
		{891EF1A0-B04B-4F14-B86D-067EEDF1D7BC}.Debug|Any CPU.ActiveCfg = Debug|Any CPU
		{891EF1A0-B04B-4F14-B86D-067EEDF1D7BC}.Debug|Any CPU.Build.0 = Debug|Any CPU
		{891EF1A0-B04B-4F14-B86D-067EEDF1D7BC}.Release|Any CPU.ActiveCfg = Release|Any CPU
		{891EF1A0-B04B-4F14-B86D-067EEDF1D7BC}.Release|Any CPU.Build.0 = Release|Any CPU
		{0301B6D0-3C2E-4462-BA6D-91DB229654DC}.Debug|Any CPU.ActiveCfg = Debug|Any CPU
		{0301B6D0-3C2E-4462-BA6D-91DB229654DC}.Debug|Any CPU.Build.0 = Debug|Any CPU
		{0301B6D0-3C2E-4462-BA6D-91DB229654DC}.Release|Any CPU.ActiveCfg = Release|Any CPU
		{0301B6D0-3C2E-4462-BA6D-91DB229654DC}.Release|Any CPU.Build.0 = Release|Any CPU
		{9A81A2FA-43F5-4E6A-B343-7D089F9B069C}.Debug|Any CPU.ActiveCfg = Debug|Any CPU
		{9A81A2FA-43F5-4E6A-B343-7D089F9B069C}.Release|Any CPU.ActiveCfg = Release|Any CPU
		{9A81A2FA-43F5-4E6A-B343-7D089F9B069C}.Release|Any CPU.Build.0 = Release|Any CPU
		{D169E352-B51B-4992-A2D1-81AA15DD4EAA}.Debug|Any CPU.ActiveCfg = Debug|Any CPU
		{D169E352-B51B-4992-A2D1-81AA15DD4EAA}.Release|Any CPU.ActiveCfg = Release|Any CPU
		{D169E352-B51B-4992-A2D1-81AA15DD4EAA}.Release|Any CPU.Build.0 = Release|Any CPU
		{4181934E-5030-4322-B8E3-704306A3073E}.Debug|Any CPU.ActiveCfg = Debug|Any CPU
		{4181934E-5030-4322-B8E3-704306A3073E}.Release|Any CPU.ActiveCfg = Release|Any CPU
		{4181934E-5030-4322-B8E3-704306A3073E}.Release|Any CPU.Build.0 = Release|Any CPU
		{BC039C1E-5079-4FF1-999A-EC8891827E8A}.Debug|Any CPU.ActiveCfg = Debug|Any CPU
		{BC039C1E-5079-4FF1-999A-EC8891827E8A}.Release|Any CPU.ActiveCfg = Release|Any CPU
		{BC039C1E-5079-4FF1-999A-EC8891827E8A}.Release|Any CPU.Build.0 = Release|Any CPU
	EndGlobalSection
	GlobalSection(SolutionProperties) = preSolution
		HideSolutionNode = FALSE
	EndGlobalSection
	GlobalSection(ExtensibilityGlobals) = postSolution
		SolutionGuid = {75E1056D-5EDC-4829-8AE7-9DD0933205F6}
	EndGlobalSection
EndGlobal
